{
  "name": "azerite",
  "version": "0.1.0",
  "lockfileVersion": 3,
  "requires": true,
  "packages": {
    "": {
      "name": "azerite",
      "version": "0.1.0",
      "license": "MIT",
      "dependencies": {
        "cbor-x": "^1.5.4"
      }
    },
    "node_modules/@cbor-extract/cbor-extract-darwin-arm64": {
      "version": "2.2.2",
      "cpu": [
        "arm64"
      ],
      "license": "MIT",
      "optional": true,
      "os": [
        "darwin"
      ]
    },
    "node_modules/cbor-extract": {
      "version": "2.2.2",
      "hasInstallScript": true,
      "license": "MIT",
      "optional": true,
      "dependencies": {
        "node-gyp-build-optional-packages": "5.1.1"
      },
      "bin": {
        "download-cbor-prebuilds": "bin/download-prebuilds.js"
      },
      "optionalDependencies": {
        "@cbor-extract/cbor-extract-darwin-arm64": "2.2.2",
        "@cbor-extract/cbor-extract-darwin-x64": "2.2.2",
        "@cbor-extract/cbor-extract-linux-arm": "2.2.2",
        "@cbor-extract/cbor-extract-linux-arm64": "2.2.2",
        "@cbor-extract/cbor-extract-linux-x64": "2.2.2",
        "@cbor-extract/cbor-extract-win32-x64": "2.2.2"
      }
    },
    "node_modules/cbor-x": {
      "version": "1.6.4",
      "license": "MIT",
      "optionalDependencies": {
        "cbor-extract": "^2.2.2"
      }
    },
    "node_modules/detect-libc": {
      "version": "2.1.2",
      "license": "Apache-2.0",
      "optional": true,
      "engines": {
        "node": ">=8"
      }
    },
    "node_modules/node-gyp-build-optional-packages": {
      "version": "5.1.1",
      "license": "MIT",
      "optional": true,
      "dependencies": {
        "detect-libc": "^2.0.1"
      },
      "bin": {
        "node-gyp-build-optional-packages": "bin.js",
        "node-gyp-build-optional-packages-optional": "optional.js",
        "node-gyp-build-optional-packages-test": "build-test.js"
      }
    }
  }
}
