{
  "name": "wow-ports",
  "version": "1.0.0",
  "lockfileVersion": 3,
  "requires": true,
  "packages": {
    "": {
      "name": "wow-ports",
      "version": "1.0.0",
      "license": "ISC",
      "dependencies": {
        "streader": "^1.0.1"
      }
    },
    "node_modules/streader": {
      "version": "1.0.1",
      "resolved": "https://registry.npmjs.org/streader/-/streader-1.0.1.tgz",
      "integrity": "sha512-55nl+7huPIBRT/Nz6gZJ/xE90AeK9l+37jOvNNfqHl8ruAgj7kBq7ALVhOIxcefdy94cgXeToPX5kfIAWmIOig==",
      "license": "MIT"
    }
  }
}
